
Microsoft Visual Studio Solution File, Format Version 12.00
# Visual Studio Version 16
VisualStudioVersion = 16.0.29326.143
MinimumVisualStudioVersion = 10.0.40219.1
Project("{FAE04EC0-301F-11D3-BF4B-00C04F79EFBC}") = "NewYearTree", "NewYearTree.csproj", "{ECAB7E53-6DED-4E97-B123-7407FF18A6B1}"
EndProject
Global
	GlobalSection(SolutionConfigurationPlatforms) = preSolution
		Debug|Any CPU = Debug|Any CPU
		Release|Any CPU = Release|Any CPU
	EndGlobalSection
	GlobalSection(ProjectConfigurationPlatforms) = postSolution
		{ECAB7E53-6DED-4E97-B123-7407FF18A6B1}.Debug|Any CPU.ActiveCfg = Debug|Any CPU
		{ECAB7E53-6DED-4E97-B123-7407FF18A6B1}.Debug|Any CPU.Build.0 = Debug|Any CPU
		{ECAB7E53-6DED-4E97-B123-7407FF18A6B1}.Release|Any CPU.ActiveCfg = Release|Any CPU
		{ECAB7E53-6DED-4E97-B123-7407FF18A6B1}.Release|Any CPU.Build.0 = Release|Any CPU
	EndGlobalSection
	GlobalSection(SolutionProperties) = preSolution
		HideSolutionNode = FALSE
	EndGlobalSection
	GlobalSection(ExtensibilityGlobals) = postSolution
		SolutionGuid = {30972560-7644-437A-8CFC-EC4097AC8006}
	EndGlobalSection
EndGlobal
